
Microsoft Visual Studio Solution File, Format Version 12.00
# Visual Studio Version 16
VisualStudioVersion = 16.0.29318.209
MinimumVisualStudioVersion = 10.0.40219.1
Project("{FAE04EC0-301F-11D3-BF4B-00C04F79EFBC}") = "RentalStore", "RentalStore\RentalStore.csproj", "{B8E09A49-69BE-4720-B315-7ED9F597443D}"
EndProject
Global
	GlobalSection(SolutionConfigurationPlatforms) = preSolution
		Debug|Any CPU = Debug|Any CPU
		Release|Any CPU = Release|Any CPU
	EndGlobalSection
	GlobalSection(ProjectConfigurationPlatforms) = postSolution
		{B8E09A49-69BE-4720-B315-7ED9F597443D}.Debug|Any CPU.ActiveCfg = Debug|Any CPU
		{B8E09A49-69BE-4720-B315-7ED9F597443D}.Debug|Any CPU.Build.0 = Debug|Any CPU
		{B8E09A49-69BE-4720-B315-7ED9F597443D}.Release|Any CPU.ActiveCfg = Release|Any CPU
		{B8E09A49-69BE-4720-B315-7ED9F597443D}.Release|Any CPU.Build.0 = Release|Any CPU
	EndGlobalSection
	GlobalSection(SolutionProperties) = preSolution
		HideSolutionNode = FALSE
	EndGlobalSection
	GlobalSection(ExtensibilityGlobals) = postSolution
		SolutionGuid = {492EB8C2-0F50-4962-BFAC-DFB965BB25A2}
	EndGlobalSection
EndGlobal
